
Microsoft Visual Studio Solution File, Format Version 12.00
# Visual Studio Version 16
VisualStudioVersion = 16.0.30406.217
MinimumVisualStudioVersion = 10.0.40219.1
Project("{D954291E-2A0B-460D-934E-DC6B0785DB48}") = "DatePickerFlyoutTest.Shared", "DatePickerFlyoutTest.Shared\DatePickerFlyoutTest.Shared.shproj", "{6279C845-92F8-4333-AB99-3D213163593C}"
EndProject
Project("{FAE04EC0-301F-11D3-BF4B-00C04F79EFBC}") = "DatePickerFlyoutTest.Droid", "DatePickerFlyoutTest.Droid\DatePickerFlyoutTest.Droid.csproj", "{DE230B70-4A9E-41AC-AEC7-E7C524A2B226}"
EndProject
Project("{FAE04EC0-301F-11D3-BF4B-00C04F79EFBC}") = "DatePickerFlyoutTest.iOS", "DatePickerFlyoutTest.iOS\DatePickerFlyoutTest.iOS.csproj", "{E5286FBF-900E-4EF7-94C8-5F4F8ED72F34}"
EndProject
Project("{FAE04EC0-301F-11D3-BF4B-00C04F79EFBC}") = "DatePickerFlyoutTest.UWP", "DatePickerFlyoutTest.UWP\DatePickerFlyoutTest.UWP.csproj", "{A0CF5AC3-0AF3-45BD-BD7E-4B9B4B68EA61}"
EndProject
Project("{FAE04EC0-301F-11D3-BF4B-00C04F79EFBC}") = "DatePickerFlyoutTest.Wasm", "DatePickerFlyoutTest.Wasm\DatePickerFlyoutTest.Wasm.csproj", "{38B65DFC-C47E-46A1-9071-FB98364AF7E6}"
EndProject
Project("{FAE04EC0-301F-11D3-BF4B-00C04F79EFBC}") = "DatePickerFlyoutTest.macOS", "DatePickerFlyoutTest.macOS\DatePickerFlyoutTest.macOS.csproj", "{11903500-C5C8-4807-BFE2-70A4D1044DD4}"
EndProject
Global
	GlobalSection(SharedMSBuildProjectFiles) = preSolution
		DatePickerFlyoutTest.Shared\DatePickerFlyoutTest.Shared.projitems*{11903500-c5c8-4807-bfe2-70a4d1044dd4}*SharedItemsImports = 4
		DatePickerFlyoutTest.Shared\DatePickerFlyoutTest.Shared.projitems*{38b65dfc-c47e-46a1-9071-fb98364af7e6}*SharedItemsImports = 5
		DatePickerFlyoutTest.Shared\DatePickerFlyoutTest.Shared.projitems*{6279c845-92f8-4333-ab99-3d213163593c}*SharedItemsImports = 13
		DatePickerFlyoutTest.Shared\DatePickerFlyoutTest.Shared.projitems*{a0cf5ac3-0af3-45bd-bd7e-4b9b4b68ea61}*SharedItemsImports = 4
		DatePickerFlyoutTest.Shared\DatePickerFlyoutTest.Shared.projitems*{de230b70-4a9e-41ac-aec7-e7c524a2b226}*SharedItemsImports = 4
		DatePickerFlyoutTest.Shared\DatePickerFlyoutTest.Shared.projitems*{e5286fbf-900e-4ef7-94c8-5f4f8ed72f34}*SharedItemsImports = 4
	EndGlobalSection
	GlobalSection(SolutionConfigurationPlatforms) = preSolution
		Ad-Hoc|Any CPU = Ad-Hoc|Any CPU
		Ad-Hoc|ARM = Ad-Hoc|ARM
		Ad-Hoc|ARM64 = Ad-Hoc|ARM64
		Ad-Hoc|iPhone = Ad-Hoc|iPhone
		Ad-Hoc|iPhoneSimulator = Ad-Hoc|iPhoneSimulator
		Ad-Hoc|x64 = Ad-Hoc|x64
		Ad-Hoc|x86 = Ad-Hoc|x86
		AppStore|Any CPU = AppStore|Any CPU
		AppStore|ARM = AppStore|ARM
		AppStore|ARM64 = AppStore|ARM64
		AppStore|iPhone = AppStore|iPhone
		AppStore|iPhoneSimulator = AppStore|iPhoneSimulator
		AppStore|x64 = AppStore|x64
		AppStore|x86 = AppStore|x86
		Debug|Any CPU = Debug|Any CPU
		Debug|ARM = Debug|ARM
		Debug|ARM64 = Debug|ARM64
		Debug|iPhone = Debug|iPhone
		Debug|iPhoneSimulator = Debug|iPhoneSimulator
		Debug|x64 = Debug|x64
		Debug|x86 = Debug|x86
		Release|Any CPU = Release|Any CPU
		Release|ARM = Release|ARM
		Release|ARM64 = Release|ARM64
		Release|iPhone = Release|iPhone
		Release|iPhoneSimulator = Release|iPhoneSimulator
		Release|x64 = Release|x64
		Release|x86 = Release|x86
	EndGlobalSection
	GlobalSection(ProjectConfigurationPlatforms) = postSolution
		{DE230B70-4A9E-41AC-AEC7-E7C524A2B226}.Ad-Hoc|Any CPU.ActiveCfg = Release|Any CPU
		{DE230B70-4A9E-41AC-AEC7-E7C524A2B226}.Ad-Hoc|Any CPU.Build.0 = Release|Any CPU
		{DE230B70-4A9E-41AC-AEC7-E7C524A2B226}.Ad-Hoc|Any CPU.Deploy.0 = Release|Any CPU
		{DE230B70-4A9E-41AC-AEC7-E7C524A2B226}.Ad-Hoc|ARM.ActiveCfg = Release|Any CPU
		{DE230B70-4A9E-41AC-AEC7-E7C524A2B226}.Ad-Hoc|ARM.Build.0 = Release|Any CPU
		{DE230B70-4A9E-41AC-AEC7-E7C524A2B226}.Ad-Hoc|ARM.Deploy.0 = Release|Any CPU
		{DE230B70-4A9E-41AC-AEC7-E7C524A2B226}.Ad-Hoc|ARM64.ActiveCfg = Release|Any CPU
		{DE230B70-4A9E-41AC-AEC7-E7C524A2B226}.Ad-Hoc|ARM64.Build.0 = Release|Any CPU
		{DE230B70-4A9E-41AC-AEC7-E7C524A2B226}.Ad-Hoc|ARM64.Deploy.0 = Release|Any CPU
		{DE230B70-4A9E-41AC-AEC7-E7C524A2B226}.Ad-Hoc|iPhone.ActiveCfg = Release|Any CPU
		{DE230B70-4A9E-41AC-AEC7-E7C524A2B226}.Ad-Hoc|iPhone.Build.0 = Release|Any CPU
		{DE230B70-4A9E-41AC-AEC7-E7C524A2B226}.Ad-Hoc|iPhone.Deploy.0 = Release|Any CPU
		{DE230B70-4A9E-41AC-AEC7-E7C524A2B226}.Ad-Hoc|iPhoneSimulator.ActiveCfg = Release|Any CPU
		{DE230B70-4A9E-41AC-AEC7-E7C524A2B226}.Ad-Hoc|iPhoneSimulator.Build.0 = Release|Any CPU
		{DE230B70-4A9E-41AC-AEC7-E7C524A2B226}.Ad-Hoc|iPhoneSimulator.Deploy.0 = Release|Any CPU
		{DE230B70-4A9E-41AC-AEC7-E7C524A2B226}.Ad-Hoc|x64.ActiveCfg = Release|Any CPU
		{DE230B70-4A9E-41AC-AEC7-E7C524A2B226}.Ad-Hoc|x64.Build.0 = Release|Any CPU
		{DE230B70-4A9E-41AC-AEC7-E7C524A2B226}.Ad-Hoc|x64.Deploy.0 = Release|Any CPU
		{DE230B70-4A9E-41AC-AEC7-E7C524A2B226}.Ad-Hoc|x86.ActiveCfg = Release|Any CPU
		{DE230B70-4A9E-41AC-AEC7-E7C524A2B226}.Ad-Hoc|x86.Build.0 = Release|Any CPU
		{DE230B70-4A9E-41AC-AEC7-E7C524A2B226}.Ad-Hoc|x86.Deploy.0 = Release|Any CPU
		{DE230B70-4A9E-41AC-AEC7-E7C524A2B226}.AppStore|Any CPU.ActiveCfg = Release|Any CPU
		{DE230B70-4A9E-41AC-AEC7-E7C524A2B226}.AppStore|Any CPU.Build.0 = Release|Any CPU
		{DE230B70-4A9E-41AC-AEC7-E7C524A2B226}.AppStore|Any CPU.Deploy.0 = Release|Any CPU
		{DE230B70-4A9E-41AC-AEC7-E7C524A2B226}.AppStore|ARM.ActiveCfg = Release|Any CPU
		{DE230B70-4A9E-41AC-AEC7-E7C524A2B226}.AppStore|ARM.Build.0 = Release|Any CPU
		{DE230B70-4A9E-41AC-AEC7-E7C524A2B226}.AppStore|ARM.Deploy.0 = Release|Any CPU
		{DE230B70-4A9E-41AC-AEC7-E7C524A2B226}.AppStore|ARM64.ActiveCfg = Release|Any CPU
		{DE230B70-4A9E-41AC-AEC7-E7C524A2B226}.AppStore|ARM64.Build.0 = Release|Any CPU
		{DE230B70-4A9E-41AC-AEC7-E7C524A2B226}.AppStore|ARM64.Deploy.0 = Release|Any CPU
		{DE230B70-4A9E-41AC-AEC7-E7C524A2B226}.AppStore|iPhone.ActiveCfg = Release|Any CPU
		{DE230B70-4A9E-41AC-AEC7-E7C524A2B226}.AppStore|iPhone.Build.0 = Release|Any CPU
		{DE230B70-4A9E-41AC-AEC7-E7C524A2B226}.AppStore|iPhone.Deploy.0 = Release|Any CPU
		{DE230B70-4A9E-41AC-AEC7-E7C524A2B226}.AppStore|iPhoneSimulator.ActiveCfg = Release|Any CPU
		{DE230B70-4A9E-41AC-AEC7-E7C524A2B226}.AppStore|iPhoneSimulator.Build.0 = Release|Any CPU
		{DE230B70-4A9E-41AC-AEC7-E7C524A2B226}.AppStore|iPhoneSimulator.Deploy.0 = Release|Any CPU
		{DE230B70-4A9E-41AC-AEC7-E7C524A2B226}.AppStore|x64.ActiveCfg = Release|Any CPU
		{DE230B70-4A9E-41AC-AEC7-E7C524A2B226}.AppStore|x64.Build.0 = Release|Any CPU
		{DE230B70-4A9E-41AC-AEC7-E7C524A2B226}.AppStore|x64.Deploy.0 = Release|Any CPU
		{DE230B70-4A9E-41AC-AEC7-E7C524A2B226}.AppStore|x86.ActiveCfg = Release|Any CPU
		{DE230B70-4A9E-41AC-AEC7-E7C524A2B226}.AppStore|x86.Build.0 = Release|Any CPU
		{DE230B70-4A9E-41AC-AEC7-E7C524A2B226}.AppStore|x86.Deploy.0 = Release|Any CPU
		{DE230B70-4A9E-41AC-AEC7-E7C524A2B226}.Debug|Any CPU.ActiveCfg = Debug|Any CPU
		{DE230B70-4A9E-41AC-AEC7-E7C524A2B226}.Debug|Any CPU.Build.0 = Debug|Any CPU
		{DE230B70-4A9E-41AC-AEC7-E7C524A2B226}.Debug|Any CPU.Deploy.0 = Debug|Any CPU
		{DE230B70-4A9E-41AC-AEC7-E7C524A2B226}.Debug|ARM.ActiveCfg = Debug|Any CPU
		{DE230B70-4A9E-41AC-AEC7-E7C524A2B226}.Debug|ARM.Build.0 = Debug|Any CPU
		{DE230B70-4A9E-41AC-AEC7-E7C524A2B226}.Debug|ARM.Deploy.0 = Debug|Any CPU
		{DE230B70-4A9E-41AC-AEC7-E7C524A2B226}.Debug|ARM64.ActiveCfg = Debug|Any CPU
		{DE230B70-4A9E-41AC-AEC7-E7C524A2B226}.Debug|ARM64.Build.0 = Debug|Any CPU
		{DE230B70-4A9E-41AC-AEC7-E7C524A2B226}.Debug|ARM64.Deploy.0 = Debug|Any CPU
		{DE230B70-4A9E-41AC-AEC7-E7C524A2B226}.Debug|iPhone.ActiveCfg = Debug|Any CPU
		{DE230B70-4A9E-41AC-AEC7-E7C524A2B226}.Debug|iPhone.Build.0 = Debug|Any CPU
		{DE230B70-4A9E-41AC-AEC7-E7C524A2B226}.Debug|iPhone.Deploy.0 = Debug|Any CPU
		{DE230B70-4A9E-41AC-AEC7-E7C524A2B226}.Debug|iPhoneSimulator.ActiveCfg = Debug|Any CPU
		{DE230B70-4A9E-41AC-AEC7-E7C524A2B226}.Debug|iPhoneSimulator.Build.0 = Debug|Any CPU
		{DE230B70-4A9E-41AC-AEC7-E7C524A2B226}.Debug|iPhoneSimulator.Deploy.0 = Debug|Any CPU
		{DE230B70-4A9E-41AC-AEC7-E7C524A2B226}.Debug|x64.ActiveCfg = Debug|Any CPU
		{DE230B70-4A9E-41AC-AEC7-E7C524A2B226}.Debug|x64.Build.0 = Debug|Any CPU
		{DE230B70-4A9E-41AC-AEC7-E7C524A2B226}.Debug|x64.Deploy.0 = Debug|Any CPU
		{DE230B70-4A9E-41AC-AEC7-E7C524A2B226}.Debug|x86.ActiveCfg = Debug|Any CPU
		{DE230B70-4A9E-41AC-AEC7-E7C524A2B226}.Debug|x86.Build.0 = Debug|Any CPU
		{DE230B70-4A9E-41AC-AEC7-E7C524A2B226}.Debug|x86.Deploy.0 = Debug|Any CPU
		{DE230B70-4A9E-41AC-AEC7-E7C524A2B226}.Release|Any CPU.ActiveCfg = Release|Any CPU
		{DE230B70-4A9E-41AC-AEC7-E7C524A2B226}.Release|Any CPU.Build.0 = Release|Any CPU
		{DE230B70-4A9E-41AC-AEC7-E7C524A2B226}.Release|Any CPU.Deploy.0 = Release|Any CPU
		{DE230B70-4A9E-41AC-AEC7-E7C524A2B226}.Release|ARM.ActiveCfg = Release|Any CPU
		{DE230B70-4A9E-41AC-AEC7-E7C524A2B226}.Release|ARM.Build.0 = Release|Any CPU
		{DE230B70-4A9E-41AC-AEC7-E7C524A2B226}.Release|ARM.Deploy.0 = Release|Any CPU
		{DE230B70-4A9E-41AC-AEC7-E7C524A2B226}.Release|ARM64.ActiveCfg = Release|Any CPU
		{DE230B70-4A9E-41AC-AEC7-E7C524A2B226}.Release|ARM64.Build.0 = Release|Any CPU
		{DE230B70-4A9E-41AC-AEC7-E7C524A2B226}.Release|ARM64.Deploy.0 = Release|Any CPU
		{DE230B70-4A9E-41AC-AEC7-E7C524A2B226}.Release|iPhone.ActiveCfg = Release|Any CPU
		{DE230B70-4A9E-41AC-AEC7-E7C524A2B226}.Release|iPhone.Build.0 = Release|Any CPU
		{DE230B70-4A9E-41AC-AEC7-E7C524A2B226}.Release|iPhone.Deploy.0 = Release|Any CPU
		{DE230B70-4A9E-41AC-AEC7-E7C524A2B226}.Release|iPhoneSimulator.ActiveCfg = Release|Any CPU
		{DE230B70-4A9E-41AC-AEC7-E7C524A2B226}.Release|iPhoneSimulator.Build.0 = Release|Any CPU
		{DE230B70-4A9E-41AC-AEC7-E7C524A2B226}.Release|iPhoneSimulator.Deploy.0 = Release|Any CPU
		{DE230B70-4A9E-41AC-AEC7-E7C524A2B226}.Release|x64.ActiveCfg = Release|Any CPU
		{DE230B70-4A9E-41AC-AEC7-E7C524A2B226}.Release|x64.Build.0 = Release|Any CPU
		{DE230B70-4A9E-41AC-AEC7-E7C524A2B226}.Release|x64.Deploy.0 = Release|Any CPU
		{DE230B70-4A9E-41AC-AEC7-E7C524A2B226}.Release|x86.ActiveCfg = Release|Any CPU
		{DE230B70-4A9E-41AC-AEC7-E7C524A2B226}.Release|x86.Build.0 = Release|Any CPU
		{DE230B70-4A9E-41AC-AEC7-E7C524A2B226}.Release|x86.Deploy.0 = Release|Any CPU
		{E5286FBF-900E-4EF7-94C8-5F4F8ED72F34}.Ad-Hoc|Any CPU.ActiveCfg = Ad-Hoc|iPhone
		{E5286FBF-900E-4EF7-94C8-5F4F8ED72F34}.Ad-Hoc|ARM.ActiveCfg = Ad-Hoc|iPhone
		{E5286FBF-900E-4EF7-94C8-5F4F8ED72F34}.Ad-Hoc|ARM64.ActiveCfg = Ad-Hoc|iPhone
		{E5286FBF-900E-4EF7-94C8-5F4F8ED72F34}.Ad-Hoc|iPhone.ActiveCfg = Ad-Hoc|iPhone
		{E5286FBF-900E-4EF7-94C8-5F4F8ED72F34}.Ad-Hoc|iPhone.Build.0 = Ad-Hoc|iPhone
		{E5286FBF-900E-4EF7-94C8-5F4F8ED72F34}.Ad-Hoc|iPhoneSimulator.ActiveCfg = Ad-Hoc|iPhoneSimulator
		{E5286FBF-900E-4EF7-94C8-5F4F8ED72F34}.Ad-Hoc|iPhoneSimulator.Build.0 = Ad-Hoc|iPhoneSimulator
		{E5286FBF-900E-4EF7-94C8-5F4F8ED72F34}.Ad-Hoc|x64.ActiveCfg = Ad-Hoc|iPhone
		{E5286FBF-900E-4EF7-94C8-5F4F8ED72F34}.Ad-Hoc|x86.ActiveCfg = Ad-Hoc|iPhone
		{E5286FBF-900E-4EF7-94C8-5F4F8ED72F34}.AppStore|Any CPU.ActiveCfg = AppStore|iPhone
		{E5286FBF-900E-4EF7-94C8-5F4F8ED72F34}.AppStore|ARM.ActiveCfg = AppStore|iPhone
		{E5286FBF-900E-4EF7-94C8-5F4F8ED72F34}.AppStore|ARM64.ActiveCfg = AppStore|iPhone
		{E5286FBF-900E-4EF7-94C8-5F4F8ED72F34}.AppStore|iPhone.ActiveCfg = AppStore|iPhone
		{E5286FBF-900E-4EF7-94C8-5F4F8ED72F34}.AppStore|iPhone.Build.0 = AppStore|iPhone
		{E5286FBF-900E-4EF7-94C8-5F4F8ED72F34}.AppStore|iPhoneSimulator.ActiveCfg = AppStore|iPhoneSimulator
		{E5286FBF-900E-4EF7-94C8-5F4F8ED72F34}.AppStore|iPhoneSimulator.Build.0 = AppStore|iPhoneSimulator
		{E5286FBF-900E-4EF7-94C8-5F4F8ED72F34}.AppStore|x64.ActiveCfg = AppStore|iPhone
		{E5286FBF-900E-4EF7-94C8-5F4F8ED72F34}.AppStore|x86.ActiveCfg = AppStore|iPhone
		{E5286FBF-900E-4EF7-94C8-5F4F8ED72F34}.Debug|Any CPU.ActiveCfg = Debug|iPhone
		{E5286FBF-900E-4EF7-94C8-5F4F8ED72F34}.Debug|ARM.ActiveCfg = Debug|iPhone
		{E5286FBF-900E-4EF7-94C8-5F4F8ED72F34}.Debug|ARM64.ActiveCfg = Debug|iPhone
		{E5286FBF-900E-4EF7-94C8-5F4F8ED72F34}.Debug|iPhone.ActiveCfg = Debug|iPhone
		{E5286FBF-900E-4EF7-94C8-5F4F8ED72F34}.Debug|iPhone.Build.0 = Debug|iPhone
		{E5286FBF-900E-4EF7-94C8-5F4F8ED72F34}.Debug|iPhoneSimulator.ActiveCfg = Debug|iPhoneSimulator
		{E5286FBF-900E-4EF7-94C8-5F4F8ED72F34}.Debug|iPhoneSimulator.Build.0 = Debug|iPhoneSimulator
		{E5286FBF-900E-4EF7-94C8-5F4F8ED72F34}.Debug|x64.ActiveCfg = Debug|iPhone
		{E5286FBF-900E-4EF7-94C8-5F4F8ED72F34}.Debug|x86.ActiveCfg = Debug|iPhone
		{E5286FBF-900E-4EF7-94C8-5F4F8ED72F34}.Release|Any CPU.ActiveCfg = Release|iPhone
		{E5286FBF-900E-4EF7-94C8-5F4F8ED72F34}.Release|ARM.ActiveCfg = Release|iPhone
		{E5286FBF-900E-4EF7-94C8-5F4F8ED72F34}.Release|ARM64.ActiveCfg = Release|iPhone
		{E5286FBF-900E-4EF7-94C8-5F4F8ED72F34}.Release|iPhone.ActiveCfg = Release|iPhone
		{E5286FBF-900E-4EF7-94C8-5F4F8ED72F34}.Release|iPhone.Build.0 = Release|iPhone
		{E5286FBF-900E-4EF7-94C8-5F4F8ED72F34}.Release|iPhoneSimulator.ActiveCfg = Release|iPhoneSimulator
		{E5286FBF-900E-4EF7-94C8-5F4F8ED72F34}.Release|iPhoneSimulator.Build.0 = Release|iPhoneSimulator
		{E5286FBF-900E-4EF7-94C8-5F4F8ED72F34}.Release|x64.ActiveCfg = Release|iPhone
		{E5286FBF-900E-4EF7-94C8-5F4F8ED72F34}.Release|x86.ActiveCfg = Release|iPhone
		{A0CF5AC3-0AF3-45BD-BD7E-4B9B4B68EA61}.Ad-Hoc|Any CPU.ActiveCfg = Release|x64
		{A0CF5AC3-0AF3-45BD-BD7E-4B9B4B68EA61}.Ad-Hoc|Any CPU.Build.0 = Release|x64
		{A0CF5AC3-0AF3-45BD-BD7E-4B9B4B68EA61}.Ad-Hoc|Any CPU.Deploy.0 = Release|x64
		{A0CF5AC3-0AF3-45BD-BD7E-4B9B4B68EA61}.Ad-Hoc|ARM.ActiveCfg = Release|ARM
		{A0CF5AC3-0AF3-45BD-BD7E-4B9B4B68EA61}.Ad-Hoc|ARM.Build.0 = Release|ARM
		{A0CF5AC3-0AF3-45BD-BD7E-4B9B4B68EA61}.Ad-Hoc|ARM.Deploy.0 = Release|ARM
		{A0CF5AC3-0AF3-45BD-BD7E-4B9B4B68EA61}.Ad-Hoc|ARM64.ActiveCfg = Release|ARM64
		{A0CF5AC3-0AF3-45BD-BD7E-4B9B4B68EA61}.Ad-Hoc|ARM64.Build.0 = Release|ARM64
		{A0CF5AC3-0AF3-45BD-BD7E-4B9B4B68EA61}.Ad-Hoc|ARM64.Deploy.0 = Release|ARM64
		{A0CF5AC3-0AF3-45BD-BD7E-4B9B4B68EA61}.Ad-Hoc|iPhone.ActiveCfg = Release|x64
		{A0CF5AC3-0AF3-45BD-BD7E-4B9B4B68EA61}.Ad-Hoc|iPhone.Build.0 = Release|x64
		{A0CF5AC3-0AF3-45BD-BD7E-4B9B4B68EA61}.Ad-Hoc|iPhone.Deploy.0 = Release|x64
		{A0CF5AC3-0AF3-45BD-BD7E-4B9B4B68EA61}.Ad-Hoc|iPhoneSimulator.ActiveCfg = Release|x64
		{A0CF5AC3-0AF3-45BD-BD7E-4B9B4B68EA61}.Ad-Hoc|iPhoneSimulator.Build.0 = Release|x64
		{A0CF5AC3-0AF3-45BD-BD7E-4B9B4B68EA61}.Ad-Hoc|iPhoneSimulator.Deploy.0 = Release|x64
		{A0CF5AC3-0AF3-45BD-BD7E-4B9B4B68EA61}.Ad-Hoc|x64.ActiveCfg = Release|x64
		{A0CF5AC3-0AF3-45BD-BD7E-4B9B4B68EA61}.Ad-Hoc|x64.Build.0 = Release|x64
		{A0CF5AC3-0AF3-45BD-BD7E-4B9B4B68EA61}.Ad-Hoc|x64.Deploy.0 = Release|x64
		{A0CF5AC3-0AF3-45BD-BD7E-4B9B4B68EA61}.Ad-Hoc|x86.ActiveCfg = Release|x86
		{A0CF5AC3-0AF3-45BD-BD7E-4B9B4B68EA61}.Ad-Hoc|x86.Build.0 = Release|x86
		{A0CF5AC3-0AF3-45BD-BD7E-4B9B4B68EA61}.Ad-Hoc|x86.Deploy.0 = Release|x86
		{A0CF5AC3-0AF3-45BD-BD7E-4B9B4B68EA61}.AppStore|Any CPU.ActiveCfg = Release|x64
		{A0CF5AC3-0AF3-45BD-BD7E-4B9B4B68EA61}.AppStore|Any CPU.Build.0 = Release|x64
		{A0CF5AC3-0AF3-45BD-BD7E-4B9B4B68EA61}.AppStore|Any CPU.Deploy.0 = Release|x64
		{A0CF5AC3-0AF3-45BD-BD7E-4B9B4B68EA61}.AppStore|ARM.ActiveCfg = Release|ARM
		{A0CF5AC3-0AF3-45BD-BD7E-4B9B4B68EA61}.AppStore|ARM.Build.0 = Release|ARM
		{A0CF5AC3-0AF3-45BD-BD7E-4B9B4B68EA61}.AppStore|ARM.Deploy.0 = Release|ARM
		{A0CF5AC3-0AF3-45BD-BD7E-4B9B4B68EA61}.AppStore|ARM64.ActiveCfg = Release|ARM64
		{A0CF5AC3-0AF3-45BD-BD7E-4B9B4B68EA61}.AppStore|ARM64.Build.0 = Release|ARM64
		{A0CF5AC3-0AF3-45BD-BD7E-4B9B4B68EA61}.AppStore|ARM64.Deploy.0 = Release|ARM64
		{A0CF5AC3-0AF3-45BD-BD7E-4B9B4B68EA61}.AppStore|iPhone.ActiveCfg = Release|x64
		{A0CF5AC3-0AF3-45BD-BD7E-4B9B4B68EA61}.AppStore|iPhone.Build.0 = Release|x64
		{A0CF5AC3-0AF3-45BD-BD7E-4B9B4B68EA61}.AppStore|iPhone.Deploy.0 = Release|x64
		{A0CF5AC3-0AF3-45BD-BD7E-4B9B4B68EA61}.AppStore|iPhoneSimulator.ActiveCfg = Release|x64
		{A0CF5AC3-0AF3-45BD-BD7E-4B9B4B68EA61}.AppStore|iPhoneSimulator.Build.0 = Release|x64
		{A0CF5AC3-0AF3-45BD-BD7E-4B9B4B68EA61}.AppStore|iPhoneSimulator.Deploy.0 = Release|x64
		{A0CF5AC3-0AF3-45BD-BD7E-4B9B4B68EA61}.AppStore|x64.ActiveCfg = Release|x64
		{A0CF5AC3-0AF3-45BD-BD7E-4B9B4B68EA61}.AppStore|x64.Build.0 = Release|x64
		{A0CF5AC3-0AF3-45BD-BD7E-4B9B4B68EA61}.AppStore|x64.Deploy.0 = Release|x64
		{A0CF5AC3-0AF3-45BD-BD7E-4B9B4B68EA61}.AppStore|x86.ActiveCfg = Release|x86
		{A0CF5AC3-0AF3-45BD-BD7E-4B9B4B68EA61}.AppStore|x86.Build.0 = Release|x86
		{A0CF5AC3-0AF3-45BD-BD7E-4B9B4B68EA61}.AppStore|x86.Deploy.0 = Release|x86
		{A0CF5AC3-0AF3-45BD-BD7E-4B9B4B68EA61}.Debug|Any CPU.ActiveCfg = Debug|x86
		{A0CF5AC3-0AF3-45BD-BD7E-4B9B4B68EA61}.Debug|ARM.ActiveCfg = Debug|ARM
		{A0CF5AC3-0AF3-45BD-BD7E-4B9B4B68EA61}.Debug|ARM.Build.0 = Debug|ARM
		{A0CF5AC3-0AF3-45BD-BD7E-4B9B4B68EA61}.Debug|ARM.Deploy.0 = Debug|ARM
		{A0CF5AC3-0AF3-45BD-BD7E-4B9B4B68EA61}.Debug|ARM64.ActiveCfg = Debug|ARM64
		{A0CF5AC3-0AF3-45BD-BD7E-4B9B4B68EA61}.Debug|ARM64.Build.0 = Debug|ARM64
		{A0CF5AC3-0AF3-45BD-BD7E-4B9B4B68EA61}.Debug|ARM64.Deploy.0 = Debug|ARM64
		{A0CF5AC3-0AF3-45BD-BD7E-4B9B4B68EA61}.Debug|iPhone.ActiveCfg = Debug|x86
		{A0CF5AC3-0AF3-45BD-BD7E-4B9B4B68EA61}.Debug|iPhoneSimulator.ActiveCfg = Debug|x86
		{A0CF5AC3-0AF3-45BD-BD7E-4B9B4B68EA61}.Debug|x64.ActiveCfg = Debug|x64
		{A0CF5AC3-0AF3-45BD-BD7E-4B9B4B68EA61}.Debug|x64.Build.0 = Debug|x64
		{A0CF5AC3-0AF3-45BD-BD7E-4B9B4B68EA61}.Debug|x64.Deploy.0 = Debug|x64
		{A0CF5AC3-0AF3-45BD-BD7E-4B9B4B68EA61}.Debug|x86.ActiveCfg = Debug|x86
		{A0CF5AC3-0AF3-45BD-BD7E-4B9B4B68EA61}.Debug|x86.Build.0 = Debug|x86
		{A0CF5AC3-0AF3-45BD-BD7E-4B9B4B68EA61}.Debug|x86.Deploy.0 = Debug|x86
		{A0CF5AC3-0AF3-45BD-BD7E-4B9B4B68EA61}.Release|Any CPU.ActiveCfg = Release|x86
		{A0CF5AC3-0AF3-45BD-BD7E-4B9B4B68EA61}.Release|ARM.ActiveCfg = Release|ARM
		{A0CF5AC3-0AF3-45BD-BD7E-4B9B4B68EA61}.Release|ARM.Build.0 = Release|ARM
		{A0CF5AC3-0AF3-45BD-BD7E-4B9B4B68EA61}.Release|ARM.Deploy.0 = Release|ARM
		{A0CF5AC3-0AF3-45BD-BD7E-4B9B4B68EA61}.Release|ARM64.ActiveCfg = Release|ARM64
		{A0CF5AC3-0AF3-45BD-BD7E-4B9B4B68EA61}.Release|ARM64.Build.0 = Release|ARM64
		{A0CF5AC3-0AF3-45BD-BD7E-4B9B4B68EA61}.Release|ARM64.Deploy.0 = Release|ARM64
		{A0CF5AC3-0AF3-45BD-BD7E-4B9B4B68EA61}.Release|iPhone.ActiveCfg = Release|x86
		{A0CF5AC3-0AF3-45BD-BD7E-4B9B4B68EA61}.Release|iPhoneSimulator.ActiveCfg = Release|x86
		{A0CF5AC3-0AF3-45BD-BD7E-4B9B4B68EA61}.Release|x64.ActiveCfg = Release|x64
		{A0CF5AC3-0AF3-45BD-BD7E-4B9B4B68EA61}.Release|x64.Build.0 = Release|x64
		{A0CF5AC3-0AF3-45BD-BD7E-4B9B4B68EA61}.Release|x64.Deploy.0 = Release|x64
		{A0CF5AC3-0AF3-45BD-BD7E-4B9B4B68EA61}.Release|x86.ActiveCfg = Release|x86
		{A0CF5AC3-0AF3-45BD-BD7E-4B9B4B68EA61}.Release|x86.Build.0 = Release|x86
		{A0CF5AC3-0AF3-45BD-BD7E-4B9B4B68EA61}.Release|x86.Deploy.0 = Release|x86
		{38B65DFC-C47E-46A1-9071-FB98364AF7E6}.Ad-Hoc|Any CPU.ActiveCfg = Debug|Any CPU
		{38B65DFC-C47E-46A1-9071-FB98364AF7E6}.Ad-Hoc|Any CPU.Build.0 = Debug|Any CPU
		{38B65DFC-C47E-46A1-9071-FB98364AF7E6}.Ad-Hoc|ARM.ActiveCfg = Debug|Any CPU
		{38B65DFC-C47E-46A1-9071-FB98364AF7E6}.Ad-Hoc|ARM.Build.0 = Debug|Any CPU
		{38B65DFC-C47E-46A1-9071-FB98364AF7E6}.Ad-Hoc|ARM64.ActiveCfg = Debug|Any CPU
		{38B65DFC-C47E-46A1-9071-FB98364AF7E6}.Ad-Hoc|ARM64.Build.0 = Debug|Any CPU
		{38B65DFC-C47E-46A1-9071-FB98364AF7E6}.Ad-Hoc|iPhone.ActiveCfg = Debug|Any CPU
		{38B65DFC-C47E-46A1-9071-FB98364AF7E6}.Ad-Hoc|iPhone.Build.0 = Debug|Any CPU
		{38B65DFC-C47E-46A1-9071-FB98364AF7E6}.Ad-Hoc|iPhoneSimulator.ActiveCfg = Debug|Any CPU
		{38B65DFC-C47E-46A1-9071-FB98364AF7E6}.Ad-Hoc|iPhoneSimulator.Build.0 = Debug|Any CPU
		{38B65DFC-C47E-46A1-9071-FB98364AF7E6}.Ad-Hoc|x64.ActiveCfg = Debug|Any CPU
		{38B65DFC-C47E-46A1-9071-FB98364AF7E6}.Ad-Hoc|x64.Build.0 = Debug|Any CPU
		{38B65DFC-C47E-46A1-9071-FB98364AF7E6}.Ad-Hoc|x86.ActiveCfg = Debug|Any CPU
		{38B65DFC-C47E-46A1-9071-FB98364AF7E6}.Ad-Hoc|x86.Build.0 = Debug|Any CPU
		{38B65DFC-C47E-46A1-9071-FB98364AF7E6}.AppStore|Any CPU.ActiveCfg = Debug|Any CPU
		{38B65DFC-C47E-46A1-9071-FB98364AF7E6}.AppStore|Any CPU.Build.0 = Debug|Any CPU
		{38B65DFC-C47E-46A1-9071-FB98364AF7E6}.AppStore|ARM.ActiveCfg = Debug|Any CPU
		{38B65DFC-C47E-46A1-9071-FB98364AF7E6}.AppStore|ARM.Build.0 = Debug|Any CPU
		{38B65DFC-C47E-46A1-9071-FB98364AF7E6}.AppStore|ARM64.ActiveCfg = Debug|Any CPU
		{38B65DFC-C47E-46A1-9071-FB98364AF7E6}.AppStore|ARM64.Build.0 = Debug|Any CPU
		{38B65DFC-C47E-46A1-9071-FB98364AF7E6}.AppStore|iPhone.ActiveCfg = Debug|Any CPU
		{38B65DFC-C47E-46A1-9071-FB98364AF7E6}.AppStore|iPhone.Build.0 = Debug|Any CPU
		{38B65DFC-C47E-46A1-9071-FB98364AF7E6}.AppStore|iPhoneSimulator.ActiveCfg = Debug|Any CPU
		{38B65DFC-C47E-46A1-9071-FB98364AF7E6}.AppStore|iPhoneSimulator.Build.0 = Debug|Any CPU
		{38B65DFC-C47E-46A1-9071-FB98364AF7E6}.AppStore|x64.ActiveCfg = Debug|Any CPU
		{38B65DFC-C47E-46A1-9071-FB98364AF7E6}.AppStore|x64.Build.0 = Debug|Any CPU
		{38B65DFC-C47E-46A1-9071-FB98364AF7E6}.AppStore|x86.ActiveCfg = Debug|Any CPU
		{38B65DFC-C47E-46A1-9071-FB98364AF7E6}.AppStore|x86.Build.0 = Debug|Any CPU
		{38B65DFC-C47E-46A1-9071-FB98364AF7E6}.Debug|Any CPU.ActiveCfg = Debug|Any CPU
		{38B65DFC-C47E-46A1-9071-FB98364AF7E6}.Debug|Any CPU.Build.0 = Debug|Any CPU
		{38B65DFC-C47E-46A1-9071-FB98364AF7E6}.Debug|ARM.ActiveCfg = Debug|Any CPU
		{38B65DFC-C47E-46A1-9071-FB98364AF7E6}.Debug|ARM.Build.0 = Debug|Any CPU
		{38B65DFC-C47E-46A1-9071-FB98364AF7E6}.Debug|ARM64.ActiveCfg = Debug|Any CPU
		{38B65DFC-C47E-46A1-9071-FB98364AF7E6}.Debug|ARM64.Build.0 = Debug|Any CPU
		{38B65DFC-C47E-46A1-9071-FB98364AF7E6}.Debug|iPhone.ActiveCfg = Debug|Any CPU
		{38B65DFC-C47E-46A1-9071-FB98364AF7E6}.Debug|iPhone.Build.0 = Debug|Any CPU
		{38B65DFC-C47E-46A1-9071-FB98364AF7E6}.Debug|iPhoneSimulator.ActiveCfg = Debug|Any CPU
		{38B65DFC-C47E-46A1-9071-FB98364AF7E6}.Debug|iPhoneSimulator.Build.0 = Debug|Any CPU
		{38B65DFC-C47E-46A1-9071-FB98364AF7E6}.Debug|x64.ActiveCfg = Debug|Any CPU
		{38B65DFC-C47E-46A1-9071-FB98364AF7E6}.Debug|x64.Build.0 = Debug|Any CPU
		{38B65DFC-C47E-46A1-9071-FB98364AF7E6}.Debug|x86.ActiveCfg = Debug|Any CPU
		{38B65DFC-C47E-46A1-9071-FB98364AF7E6}.Debug|x86.Build.0 = Debug|Any CPU
		{38B65DFC-C47E-46A1-9071-FB98364AF7E6}.Release|Any CPU.ActiveCfg = Release|Any CPU
		{38B65DFC-C47E-46A1-9071-FB98364AF7E6}.Release|Any CPU.Build.0 = Release|Any CPU
		{38B65DFC-C47E-46A1-9071-FB98364AF7E6}.Release|ARM.ActiveCfg = Release|Any CPU
		{38B65DFC-C47E-46A1-9071-FB98364AF7E6}.Release|ARM.Build.0 = Release|Any CPU
		{38B65DFC-C47E-46A1-9071-FB98364AF7E6}.Release|ARM64.ActiveCfg = Release|Any CPU
		{38B65DFC-C47E-46A1-9071-FB98364AF7E6}.Release|ARM64.Build.0 = Release|Any CPU
		{38B65DFC-C47E-46A1-9071-FB98364AF7E6}.Release|iPhone.ActiveCfg = Release|Any CPU
		{38B65DFC-C47E-46A1-9071-FB98364AF7E6}.Release|iPhone.Build.0 = Release|Any CPU
		{38B65DFC-C47E-46A1-9071-FB98364AF7E6}.Release|iPhoneSimulator.ActiveCfg = Release|Any CPU
		{38B65DFC-C47E-46A1-9071-FB98364AF7E6}.Release|iPhoneSimulator.Build.0 = Release|Any CPU
		{38B65DFC-C47E-46A1-9071-FB98364AF7E6}.Release|x64.ActiveCfg = Release|Any CPU
		{38B65DFC-C47E-46A1-9071-FB98364AF7E6}.Release|x64.Build.0 = Release|Any CPU
		{38B65DFC-C47E-46A1-9071-FB98364AF7E6}.Release|x86.ActiveCfg = Release|Any CPU
		{38B65DFC-C47E-46A1-9071-FB98364AF7E6}.Release|x86.Build.0 = Release|Any CPU
		{11903500-C5C8-4807-BFE2-70A4D1044DD4}.Ad-Hoc|Any CPU.ActiveCfg = Release|iPhoneSimulator
		{11903500-C5C8-4807-BFE2-70A4D1044DD4}.Ad-Hoc|Any CPU.Build.0 = Release|iPhoneSimulator
		{11903500-C5C8-4807-BFE2-70A4D1044DD4}.Ad-Hoc|ARM.ActiveCfg = Release|iPhoneSimulator
		{11903500-C5C8-4807-BFE2-70A4D1044DD4}.Ad-Hoc|ARM.Build.0 = Release|iPhoneSimulator
		{11903500-C5C8-4807-BFE2-70A4D1044DD4}.Ad-Hoc|ARM64.ActiveCfg = Release|iPhoneSimulator
		{11903500-C5C8-4807-BFE2-70A4D1044DD4}.Ad-Hoc|ARM64.Build.0 = Release|iPhoneSimulator
		{11903500-C5C8-4807-BFE2-70A4D1044DD4}.Ad-Hoc|iPhone.ActiveCfg = Release|iPhoneSimulator
		{11903500-C5C8-4807-BFE2-70A4D1044DD4}.Ad-Hoc|iPhone.Build.0 = Release|iPhoneSimulator
		{11903500-C5C8-4807-BFE2-70A4D1044DD4}.Ad-Hoc|iPhoneSimulator.ActiveCfg = Release|iPhoneSimulator
		{11903500-C5C8-4807-BFE2-70A4D1044DD4}.Ad-Hoc|iPhoneSimulator.Build.0 = Release|iPhoneSimulator
		{11903500-C5C8-4807-BFE2-70A4D1044DD4}.Ad-Hoc|x64.ActiveCfg = Release|iPhoneSimulator
		{11903500-C5C8-4807-BFE2-70A4D1044DD4}.Ad-Hoc|x64.Build.0 = Release|iPhoneSimulator
		{11903500-C5C8-4807-BFE2-70A4D1044DD4}.Ad-Hoc|x86.ActiveCfg = Release|iPhoneSimulator
		{11903500-C5C8-4807-BFE2-70A4D1044DD4}.Ad-Hoc|x86.Build.0 = Release|iPhoneSimulator
		{11903500-C5C8-4807-BFE2-70A4D1044DD4}.AppStore|Any CPU.ActiveCfg = Release|iPhoneSimulator
		{11903500-C5C8-4807-BFE2-70A4D1044DD4}.AppStore|Any CPU.Build.0 = Release|iPhoneSimulator
		{11903500-C5C8-4807-BFE2-70A4D1044DD4}.AppStore|ARM.ActiveCfg = Release|iPhoneSimulator
		{11903500-C5C8-4807-BFE2-70A4D1044DD4}.AppStore|ARM.Build.0 = Release|iPhoneSimulator
		{11903500-C5C8-4807-BFE2-70A4D1044DD4}.AppStore|ARM64.ActiveCfg = Release|iPhoneSimulator
		{11903500-C5C8-4807-BFE2-70A4D1044DD4}.AppStore|ARM64.Build.0 = Release|iPhoneSimulator
		{11903500-C5C8-4807-BFE2-70A4D1044DD4}.AppStore|iPhone.ActiveCfg = Release|iPhoneSimulator
		{11903500-C5C8-4807-BFE2-70A4D1044DD4}.AppStore|iPhone.Build.0 = Release|iPhoneSimulator
		{11903500-C5C8-4807-BFE2-70A4D1044DD4}.AppStore|iPhoneSimulator.ActiveCfg = Release|iPhoneSimulator
		{11903500-C5C8-4807-BFE2-70A4D1044DD4}.AppStore|iPhoneSimulator.Build.0 = Release|iPhoneSimulator
		{11903500-C5C8-4807-BFE2-70A4D1044DD4}.AppStore|x64.ActiveCfg = Release|iPhoneSimulator
		{11903500-C5C8-4807-BFE2-70A4D1044DD4}.AppStore|x64.Build.0 = Release|iPhoneSimulator
		{11903500-C5C8-4807-BFE2-70A4D1044DD4}.AppStore|x86.ActiveCfg = Release|iPhoneSimulator
		{11903500-C5C8-4807-BFE2-70A4D1044DD4}.AppStore|x86.Build.0 = Release|iPhoneSimulator
		{11903500-C5C8-4807-BFE2-70A4D1044DD4}.Debug|Any CPU.ActiveCfg = Debug|iPhoneSimulator
		{11903500-C5C8-4807-BFE2-70A4D1044DD4}.Debug|ARM.ActiveCfg = Debug|iPhoneSimulator
		{11903500-C5C8-4807-BFE2-70A4D1044DD4}.Debug|ARM64.ActiveCfg = Debug|iPhoneSimulator
		{11903500-C5C8-4807-BFE2-70A4D1044DD4}.Debug|iPhone.ActiveCfg = Debug|iPhoneSimulator
		{11903500-C5C8-4807-BFE2-70A4D1044DD4}.Debug|iPhoneSimulator.ActiveCfg = Debug|iPhoneSimulator
		{11903500-C5C8-4807-BFE2-70A4D1044DD4}.Debug|iPhoneSimulator.Build.0 = Debug|iPhoneSimulator
		{11903500-C5C8-4807-BFE2-70A4D1044DD4}.Debug|x64.ActiveCfg = Debug|iPhoneSimulator
		{11903500-C5C8-4807-BFE2-70A4D1044DD4}.Debug|x86.ActiveCfg = Debug|iPhoneSimulator
		{11903500-C5C8-4807-BFE2-70A4D1044DD4}.Release|Any CPU.ActiveCfg = Release|iPhoneSimulator
		{11903500-C5C8-4807-BFE2-70A4D1044DD4}.Release|ARM.ActiveCfg = Release|iPhoneSimulator
		{11903500-C5C8-4807-BFE2-70A4D1044DD4}.Release|ARM64.ActiveCfg = Release|iPhoneSimulator
		{11903500-C5C8-4807-BFE2-70A4D1044DD4}.Release|iPhone.ActiveCfg = Release|iPhoneSimulator
		{11903500-C5C8-4807-BFE2-70A4D1044DD4}.Release|iPhoneSimulator.ActiveCfg = Release|iPhoneSimulator
		{11903500-C5C8-4807-BFE2-70A4D1044DD4}.Release|iPhoneSimulator.Build.0 = Release|iPhoneSimulator
		{11903500-C5C8-4807-BFE2-70A4D1044DD4}.Release|x64.ActiveCfg = Release|iPhoneSimulator
		{11903500-C5C8-4807-BFE2-70A4D1044DD4}.Release|x86.ActiveCfg = Release|iPhoneSimulator
	EndGlobalSection
	GlobalSection(SolutionProperties) = preSolution
		HideSolutionNode = FALSE
	EndGlobalSection
	GlobalSection(ExtensibilityGlobals) = postSolution
		SolutionGuid = {1345EA21-E6AE-4BEF-A38E-7CBF9DC12704}
	EndGlobalSection
EndGlobal
